
Microsoft Visual Studio Solution File, Format Version 12.00
# Visual Studio Version 17
VisualStudioVersion = 17.0.31903.59
MinimumVisualStudioVersion = 10.0.40219.1
Project("{FAE04EC0-301F-11D3-BF4B-00C04F79EFBC}") = "Microblogging.API", "Microblogging.API\Microblogging.API.csproj", "{0817B615-54DA-4C80-8780-C192E441F1E3}"
EndProject
Project("{FAE04EC0-301F-11D3-BF4B-00C04F79EFBC}") = "Microblogging.Domain", "Microblogging.Domain\Microblogging.Domain.csproj", "{82C9545D-5AD8-4957-903C-84FF5BF8CADE}"
EndProject
Project("{FAE04EC0-301F-11D3-BF4B-00C04F79EFBC}") = "Microblogging.Repository", "Microblogging.Repository\Microblogging.Repository.csproj", "{9AC210DD-C19C-4284-AEE7-E295D1FF27A5}"
EndProject
Project("{FAE04EC0-301F-11D3-BF4B-00C04F79EFBC}") = "Microblogging.Service", "Microblogging.Service\Microblogging.Service.csproj", "{21AAF7CC-7E00-4B74-BEEA-07CAAB105EE8}"
EndProject
Project("{FAE04EC0-301F-11D3-BF4B-00C04F79EFBC}") = "Microblogging.Shared", "Microblogging.Shared\Microblogging.Shared.csproj", "{8F82D466-0909-493C-86E1-83E2F2134C84}"
EndProject
Global
	GlobalSection(SolutionConfigurationPlatforms) = preSolution
		Debug|Any CPU = Debug|Any CPU
		Release|Any CPU = Release|Any CPU
	EndGlobalSection
	GlobalSection(ProjectConfigurationPlatforms) = postSolution
		{0817B615-54DA-4C80-8780-C192E441F1E3}.Debug|Any CPU.ActiveCfg = Debug|Any CPU
		{0817B615-54DA-4C80-8780-C192E441F1E3}.Debug|Any CPU.Build.0 = Debug|Any CPU
		{0817B615-54DA-4C80-8780-C192E441F1E3}.Release|Any CPU.ActiveCfg = Release|Any CPU
		{0817B615-54DA-4C80-8780-C192E441F1E3}.Release|Any CPU.Build.0 = Release|Any CPU
		{82C9545D-5AD8-4957-903C-84FF5BF8CADE}.Debug|Any CPU.ActiveCfg = Debug|Any CPU
		{82C9545D-5AD8-4957-903C-84FF5BF8CADE}.Debug|Any CPU.Build.0 = Debug|Any CPU
		{82C9545D-5AD8-4957-903C-84FF5BF8CADE}.Release|Any CPU.ActiveCfg = Release|Any CPU
		{82C9545D-5AD8-4957-903C-84FF5BF8CADE}.Release|Any CPU.Build.0 = Release|Any CPU
		{9AC210DD-C19C-4284-AEE7-E295D1FF27A5}.Debug|Any CPU.ActiveCfg = Debug|Any CPU
		{9AC210DD-C19C-4284-AEE7-E295D1FF27A5}.Debug|Any CPU.Build.0 = Debug|Any CPU
		{9AC210DD-C19C-4284-AEE7-E295D1FF27A5}.Release|Any CPU.ActiveCfg = Release|Any CPU
		{9AC210DD-C19C-4284-AEE7-E295D1FF27A5}.Release|Any CPU.Build.0 = Release|Any CPU
		{21AAF7CC-7E00-4B74-BEEA-07CAAB105EE8}.Debug|Any CPU.ActiveCfg = Debug|Any CPU
		{21AAF7CC-7E00-4B74-BEEA-07CAAB105EE8}.Debug|Any CPU.Build.0 = Debug|Any CPU
		{21AAF7CC-7E00-4B74-BEEA-07CAAB105EE8}.Release|Any CPU.ActiveCfg = Release|Any CPU
		{21AAF7CC-7E00-4B74-BEEA-07CAAB105EE8}.Release|Any CPU.Build.0 = Release|Any CPU
		{8F82D466-0909-493C-86E1-83E2F2134C84}.Debug|Any CPU.ActiveCfg = Debug|Any CPU
		{8F82D466-0909-493C-86E1-83E2F2134C84}.Debug|Any CPU.Build.0 = Debug|Any CPU
		{8F82D466-0909-493C-86E1-83E2F2134C84}.Release|Any CPU.ActiveCfg = Release|Any CPU
		{8F82D466-0909-493C-86E1-83E2F2134C84}.Release|Any CPU.Build.0 = Release|Any CPU
	EndGlobalSection
	GlobalSection(SolutionProperties) = preSolution
		HideSolutionNode = FALSE
	EndGlobalSection
	GlobalSection(ExtensibilityGlobals) = postSolution
		SolutionGuid = {E0760BEC-9D86-4670-B5B7-9D84DDA2B1FD}
	EndGlobalSection
EndGlobal
